
Microsoft Visual Studio Solution File, Format Version 12.00
# Visual Studio Version 16
VisualStudioVersion = 16.0.31515.178
MinimumVisualStudioVersion = 10.0.40219.1
Project("{FAE04EC0-301F-11D3-BF4B-00C04F79EFBC}") = "ITMO.ADO.NET.Control.SOUT", "ITMO.ADO.NET.Control.SOUT.csproj", "{5386D5E5-51C5-4EBC-AF2C-6C55C97FFFA0}"
EndProject
Global
	GlobalSection(SolutionConfigurationPlatforms) = preSolution
		Debug|Any CPU = Debug|Any CPU
		Release|Any CPU = Release|Any CPU
	EndGlobalSection
	GlobalSection(ProjectConfigurationPlatforms) = postSolution
		{5386D5E5-51C5-4EBC-AF2C-6C55C97FFFA0}.Debug|Any CPU.ActiveCfg = Debug|Any CPU
		{5386D5E5-51C5-4EBC-AF2C-6C55C97FFFA0}.Debug|Any CPU.Build.0 = Debug|Any CPU
		{5386D5E5-51C5-4EBC-AF2C-6C55C97FFFA0}.Release|Any CPU.ActiveCfg = Release|Any CPU
		{5386D5E5-51C5-4EBC-AF2C-6C55C97FFFA0}.Release|Any CPU.Build.0 = Release|Any CPU
	EndGlobalSection
	GlobalSection(SolutionProperties) = preSolution
		HideSolutionNode = FALSE
	EndGlobalSection
	GlobalSection(ExtensibilityGlobals) = postSolution
		SolutionGuid = {BA07CB13-BCD5-408B-B26A-4B6ED129E9FF}
	EndGlobalSection
EndGlobal
